// !$*UTF8*$!
{
	archiveVersion = 1;
	classes = {
	};
	objectVersion = 50;
	objects = {

/* Begin PBXBuildFile section */
		BFF89EA12701D7EF00254D5D /* AppDelegate.swift in Sources */ = {isa = PBXBuildFile; fileRef = BFF89EA02701D7EF00254D5D /* AppDelegate.swift */; };
		BFF89EA32701D7EF00254D5D /* SceneDelegate.swift in Sources */ = {isa = PBXBuildFile; fileRef = BFF89EA22701D7EF00254D5D /* SceneDelegate.swift */; };
		BFF89EA52701D7EF00254D5D /* ViewController.swift in Sources */ = {isa = PBXBuildFile; fileRef = BFF89EA42701D7EF00254D5D /* ViewController.swift */; };
		BFF89EA82701D7EF00254D5D /* Main.storyboard in Resources */ = {isa = PBXBuildFile; fileRef = BFF89EA62701D7EF00254D5D /* Main.storyboard */; };
		BFF89EAA2701D7F100254D5D /* Assets.xcassets in Resources */ = {isa = PBXBuildFile; fileRef = BFF89EA92701D7F100254D5D /* Assets.xcassets */; };
		BFF89EAD2701D7F100254D5D /* LaunchScreen.storyboard in Resources */ = {isa = PBXBuildFile; fileRef = BFF89EAB2701D7F100254D5D /* LaunchScreen.storyboard */; };
		BFF89EB82701DA3000254D5D /* Constants.swift in Sources */ = {isa = PBXBuildFile; fileRef = BFF89EB72701DA3000254D5D /* Constants.swift */; };
/* End PBXBuildFile section */

/* Begin PBXFileReference section */
		BFF89E9D2701D7EF00254D5D /* MarvelHeroes.app */ = {isa = PBXFileReference; explicitFileType = wrapper.application; includeInIndex = 0; path = MarvelHeroes.app; sourceTree = BUILT_PRODUCTS_DIR; };
		BFF89EA02701D7EF00254D5D /* AppDelegate.swift */ = {isa = PBXFileReference; lastKnownFileType = sourcecode.swift; path = AppDelegate.swift; sourceTree = "<group>"; };
		BFF89EA22701D7EF00254D5D /* SceneDelegate.swift */ = {isa = PBXFileReference; lastKnownFileType = sourcecode.swift; path = SceneDelegate.swift; sourceTree = "<group>"; };
		BFF89EA42701D7EF00254D5D /* ViewController.swift */ = {isa = PBXFileReference; lastKnownFileType = sourcecode.swift; path = ViewController.swift; sourceTree = "<group>"; };
		BFF89EA72701D7EF00254D5D /* Base */ = {isa = PBXFileReference; lastKnownFileType = file.storyboard; name = Base; path = Base.lproj/Main.storyboard; sourceTree = "<group>"; };
		BFF89EA92701D7F100254D5D /* Assets.xcassets */ = {isa = PBXFileReference; lastKnownFileType = folder.assetcatalog; path = Assets.xcassets; sourceTree = "<group>"; };
		BFF89EAC2701D7F100254D5D /* Base */ = {isa = PBXFileReference; lastKnownFileType = file.storyboard; name = Base; path = Base.lproj/LaunchScreen.storyboard; sourceTree = "<group>"; };
		BFF89EAE2701D7F100254D5D /* Info.plist */ = {isa = PBXFileReference; lastKnownFileType = text.plist.xml; path = Info.plist; sourceTree = "<group>"; };
		BFF89EB72701DA3000254D5D /* Constants.swift */ = {isa = PBXFileReference; lastKnownFileType = sourcecode.swift; path = Constants.swift; sourceTree = "<group>"; };
/* End PBXFileReference section */

/* Begin PBXFrameworksBuildPhase section */
		BFF89E9A2701D7EF00254D5D /* Frameworks */ = {
			isa = PBXFrameworksBuildPhase;
			buildActionMask = 2147483647;
			files = (
			);
			runOnlyForDeploymentPostprocessing = 0;
		};
/* End PBXFrameworksBuildPhase section */

/* Begin PBXGroup section */
		BFF89E942701D7EF00254D5D = {
			isa = PBXGroup;
			children = (
				BFF89E9F2701D7EF00254D5D /* MarvelHeroes */,
				BFF89E9E2701D7EF00254D5D /* Products */,
			);
			sourceTree = "<group>";
		};
		BFF89E9E2701D7EF00254D5D /* Products */ = {
			isa = PBXGroup;
			children = (
				BFF89E9D2701D7EF00254D5D /* MarvelHeroes.app */,
			);
			name = Products;
			sourceTree = "<group>";
		};
		BFF89E9F2701D7EF00254D5D /* MarvelHeroes */ = {
			isa = PBXGroup;
			children = (
				BFF89EB62701D9F100254D5D /* Common */,
				BFF89EB52701D9BE00254D5D /* Entity */,
				BFF89EA02701D7EF00254D5D /* AppDelegate.swift */,
				BFF89EA22701D7EF00254D5D /* SceneDelegate.swift */,
				BFF89EA42701D7EF00254D5D /* ViewController.swift */,
				BFF89EA62701D7EF00254D5D /* Main.storyboard */,
				BFF89EA92701D7F100254D5D /* Assets.xcassets */,
				BFF89EAB2701D7F100254D5D /* LaunchScreen.storyboard */,
				BFF89EAE2701D7F100254D5D /* Info.plist */,
			);
			path = MarvelHeroes;
			sourceTree = "<group>";
		};
		BFF89EB52701D9BE00254D5D /* Entity */ = {
			isa = PBXGroup;
			children = (
			);
			path = Entity;
			sourceTree = "<group>";
		};
		BFF89EB62701D9F100254D5D /* Common */ = {
			isa = PBXGroup;
			children = (
				BFF89EB72701DA3000254D5D /* Constants.swift */,
			);
			path = Common;
			sourceTree = "<group>";
		};
/* End PBXGroup section */

/* Begin PBXNativeTarget section */
		BFF89E9C2701D7EF00254D5D /* MarvelHeroes */ = {
			isa = PBXNativeTarget;
			buildConfigurationList = BFF89EB12701D7F100254D5D /* Build configuration list for PBXNativeTarget "MarvelHeroes" */;
			buildPhases = (
				BFF89E992701D7EF00254D5D /* Sources */,
				BFF89E9A2701D7EF00254D5D /* Frameworks */,
				BFF89E9B2701D7EF00254D5D /* Resources */,
			);
			buildRules = (
			);
			dependencies = (
			);
			name = MarvelHeroes;
			productName = MarvelHeroes;
			productReference = BFF89E9D2701D7EF00254D5D /* MarvelHeroes.app */;
			productType = "com.apple.product-type.application";
		};
/* End PBXNativeTarget section */

/* Begin PBXProject section */
		BFF89E952701D7EF00254D5D /* Project object */ = {
			isa = PBXProject;
			attributes = {
				LastSwiftUpdateCheck = 1240;
				LastUpgradeCheck = 1240;
				TargetAttributes = {
					BFF89E9C2701D7EF00254D5D = {
						CreatedOnToolsVersion = 12.4;
					};
				};
			};
			buildConfigurationList = BFF89E982701D7EF00254D5D /* Build configuration list for PBXProject "MarvelHeroes" */;
			compatibilityVersion = "Xcode 9.3";
			developmentRegion = en;
			hasScannedForEncodings = 0;
			knownRegions = (
				en,
				Base,
			);
			mainGroup = BFF89E942701D7EF00254D5D;
			productRefGroup = BFF89E9E2701D7EF00254D5D /* Products */;
			projectDirPath = "";
			projectRoot = "";
			targets = (
				BFF89E9C2701D7EF00254D5D /* MarvelHeroes */,
			);
		};
/* End PBXProject section */

/* Begin PBXResourcesBuildPhase section */
		BFF89E9B2701D7EF00254D5D /* Resources */ = {
			isa = PBXResourcesBuildPhase;
			buildActionMask = 2147483647;
			files = (
				BFF89EAD2701D7F100254D5D /* LaunchScreen.storyboard in Resources */,
				BFF89EAA2701D7F100254D5D /* Assets.xcassets in Resources */,
				BFF89EA82701D7EF00254D5D /* Main.storyboard in Resources */,
			);
			runOnlyForDeploymentPostprocessing = 0;
		};
/* End PBXResourcesBuildPhase section */

/* Begin PBXSourcesBuildPhase section */
		BFF89E992701D7EF00254D5D /* Sources */ = {
			isa = PBXSourcesBuildPhase;
			buildActionMask = 2147483647;
			files = (
				BFF89EA52701D7EF00254D5D /* ViewController.swift in Sources */,
				BFF89EA12701D7EF00254D5D /* AppDelegate.swift in Sources */,
				BFF89EA32701D7EF00254D5D /* SceneDelegate.swift in Sources */,
				BFF89EB82701DA3000254D5D /* Constants.swift in Sources */,
			);
			runOnlyForDeploymentPostprocessing = 0;
		};
/* End PBXSourcesBuildPhase section */

/* Begin PBXVariantGroup section */
		BFF89EA62701D7EF00254D5D /* Main.storyboard */ = {
			isa = PBXVariantGroup;
			children = (
				BFF89EA72701D7EF00254D5D /* Base */,
			);
			name = Main.storyboard;
			sourceTree = "<group>";
		};
		BFF89EAB2701D7F100254D5D /* LaunchScreen.storyboard */ = {
			isa = PBXVariantGroup;
			children = (
				BFF89EAC2701D7F100254D5D /* Base */,
			);
			name = LaunchScreen.storyboard;
			sourceTree = "<group>";
		};
/* End PBXVariantGroup section */

/* Begin XCBuildConfiguration section */
		BFF89EAF2701D7F100254D5D /* Debug */ = {
			isa = XCBuildConfiguration;
			buildSettings = {
				ALWAYS_SEARCH_USER_PATHS = NO;
				CLANG_ANALYZER_NONNULL = YES;
				CLANG_ANALYZER_NUMBER_OBJECT_CONVERSION = YES_AGGRESSIVE;
				CLANG_CXX_LANGUAGE_STANDARD = "gnu++14";
				CLANG_CXX_LIBRARY = "libc++";
				CLANG_ENABLE_MODULES = YES;
				CLANG_ENABLE_OBJC_ARC = YES;
				CLANG_ENABLE_OBJC_WEAK = YES;
				CLANG_WARN_BLOCK_CAPTURE_AUTORELEASING = YES;
				CLANG_WARN_BOOL_CONVERSION = YES;
				CLANG_WARN_COMMA = YES;
				CLANG_WARN_CONSTANT_CONVERSION = YES;
				CLANG_WARN_DEPRECATED_OBJC_IMPLEMENTATIONS = YES;
				CLANG_WARN_DIRECT_OBJC_ISA_USAGE = YES_ERROR;
				CLANG_WARN_DOCUMENTATION_COMMENTS = YES;
				CLANG_WARN_EMPTY_BODY = YES;
				CLANG_WARN_ENUM_CONVERSION = YES;
				CLANG_WARN_INFINITE_RECURSION = YES;
				CLANG_WARN_INT_CONVERSION = YES;
				CLANG_WARN_NON_LITERAL_NULL_CONVERSION = YES;
				CLANG_WARN_OBJC_IMPLICIT_RETAIN_SELF = YES;
				CLANG_WARN_OBJC_LITERAL_CONVERSION = YES;
				CLANG_WARN_OBJC_ROOT_CLASS = YES_ERROR;
				CLANG_WARN_QUOTED_INCLUDE_IN_FRAMEWORK_HEADER = YES;
				CLANG_WARN_RANGE_LOOP_ANALYSIS = YES;
				CLANG_WARN_STRICT_PROTOTYPES = YES;
				CLANG_WARN_SUSPICIOUS_MOVE = YES;
				CLANG_WARN_UNGUARDED_AVAILABILITY = YES_AGGRESSIVE;
				CLANG_WARN_UNREACHABLE_CODE = YES;
				CLANG_WARN__DUPLICATE_METHOD_MATCH = YES;
				COPY_PHASE_STRIP = NO;
				DEBUG_INFORMATION_FORMAT = dwarf;
				ENABLE_STRICT_OBJC_MSGSEND = YES;
				ENABLE_TESTABILITY = YES;
				GCC_C_LANGUAGE_STANDARD = gnu11;
				GCC_DYNAMIC_NO_PIC = NO;
				GCC_NO_COMMON_BLOCKS = YES;
				GCC_OPTIMIZATION_LEVEL = 0;
				GCC_PREPROCESSOR_DEFINITIONS = (
					"DEBUG=1",
					"$(inherited)",
				);
				GCC_WARN_64_TO_32_BIT_CONVERSION = YES;
				GCC_WARN_ABOUT_RETURN_TYPE = YES_ERROR;
				GCC_WARN_UNDECLARED_SELECTOR = YES;
				GCC_WARN_UNINITIALIZED_AUTOS = YES_AGGRESSIVE;
				GCC_WARN_UNUSED_FUNCTION = YES;
				GCC_WARN_UNUSED_VARIABLE = YES;
				IPHONEOS_DEPLOYMENT_TARGET = 14.4;
				MTL_ENABLE_DEBUG_INFO = INCLUDE_SOURCE;
				MTL_FAST_MATH = YES;
				ONLY_ACTIVE_ARCH = YES;
				SDKROOT = iphoneos;
				SWIFT_ACTIVE_COMPILATION_CONDITIONS = DEBUG;
				SWIFT_OPTIMIZATION_LEVEL = "-Onone";
			};
			name = Debug;
		};
		BFF89EB02701D7F100254D5D /* Release */ = {
			isa = XCBuildConfiguration;
			buildSettings = {
				ALWAYS_SEARCH_USER_PATHS = NO;
				CLANG_ANALYZER_NONNULL = YES;
				CLANG_ANALYZER_NUMBER_OBJECT_CONVERSION = YES_AGGRESSIVE;
				CLANG_CXX_LANGUAGE_STANDARD = "gnu++14";
				CLANG_CXX_LIBRARY = "libc++";
				CLANG_ENABLE_MODULES = YES;
				CLANG_ENABLE_OBJC_ARC = YES;
				CLANG_ENABLE_OBJC_WEAK = YES;
				CLANG_WARN_BLOCK_CAPTURE_AUTORELEASING = YES;
				CLANG_WARN_BOOL_CONVERSION = YES;
				CLANG_WARN_COMMA = YES;
				CLANG_WARN_CONSTANT_CONVERSION = YES;
				CLANG_WARN_DEPRECATED_OBJC_IMPLEMENTATIONS = YES;
				CLANG_WARN_DIRECT_OBJC_ISA_USAGE = YES_ERROR;
				CLANG_WARN_DOCUMENTATION_COMMENTS = YES;
				CLANG_WARN_EMPTY_BODY = YES;
				CLANG_WARN_ENUM_CONVERSION = YES;
				CLANG_WARN_INFINITE_RECURSION = YES;
				CLANG_WARN_INT_CONVERSION = YES;
				CLANG_WARN_NON_LITERAL_NULL_CONVERSION = YES;
				CLANG_WARN_OBJC_IMPLICIT_RETAIN_SELF = YES;
				CLANG_WARN_OBJC_LITERAL_CONVERSION = YES;
				CLANG_WARN_OBJC_ROOT_CLASS = YES_ERROR;
				CLANG_WARN_QUOTED_INCLUDE_IN_FRAMEWORK_HEADER = YES;
				CLANG_WARN_RANGE_LOOP_ANALYSIS = YES;
				CLANG_WARN_STRICT_PROTOTYPES = YES;
				CLANG_WARN_SUSPICIOUS_MOVE = YES;
				CLANG_WARN_UNGUARDED_AVAILABILITY = YES_AGGRESSIVE;
				CLANG_WARN_UNREACHABLE_CODE = YES;
				CLANG_WARN__DUPLICATE_METHOD_MATCH = YES;
				COPY_PHASE_STRIP = NO;
				DEBUG_INFORMATION_FORMAT = "dwarf-with-dsym";
				ENABLE_NS_ASSERTIONS = NO;
				ENABLE_STRICT_OBJC_MSGSEND = YES;
				GCC_C_LANGUAGE_STANDARD = gnu11;
				GCC_NO_COMMON_BLOCKS = YES;
				GCC_WARN_64_TO_32_BIT_CONVERSION = YES;
				GCC_WARN_ABOUT_RETURN_TYPE = YES_ERROR;
				GCC_WARN_UNDECLARED_SELECTOR = YES;
				GCC_WARN_UNINITIALIZED_AUTOS = YES_AGGRESSIVE;
				GCC_WARN_UNUSED_FUNCTION = YES;
				GCC_WARN_UNUSED_VARIABLE = YES;
				IPHONEOS_DEPLOYMENT_TARGET = 14.4;
				MTL_ENABLE_DEBUG_INFO = NO;
				MTL_FAST_MATH = YES;
				SDKROOT = iphoneos;
				SWIFT_COMPILATION_MODE = wholemodule;
				SWIFT_OPTIMIZATION_LEVEL = "-O";
				VALIDATE_PRODUCT = YES;
			};
			name = Release;
		};
		BFF89EB22701D7F100254D5D /* Debug */ = {
			isa = XCBuildConfiguration;
			buildSettings = {
				ASSETCATALOG_COMPILER_APPICON_NAME = AppIcon;
				ASSETCATALOG_COMPILER_GLOBAL_ACCENT_COLOR_NAME = AccentColor;
				CODE_SIGN_STYLE = Automatic;
				INFOPLIST_FILE = MarvelHeroes/Info.plist;
				LD_RUNPATH_SEARCH_PATHS = (
					"$(inherited)",
					"@executable_path/Frameworks",
				);
				PRODUCT_BUNDLE_IDENTIFIER = br.com.cleberreis.MarvelHeroes;
				PRODUCT_NAME = "$(TARGET_NAME)";
				SWIFT_VERSION = 5.0;
				TARGETED_DEVICE_FAMILY = "1,2";
			};
			name = Debug;
		};
		BFF89EB32701D7F100254D5D /* Release */ = {
			isa = XCBuildConfiguration;
			buildSettings = {
				ASSETCATALOG_COMPILER_APPICON_NAME = AppIcon;
				ASSETCATALOG_COMPILER_GLOBAL_ACCENT_COLOR_NAME = AccentColor;
				CODE_SIGN_STYLE = Automatic;
				INFOPLIST_FILE = MarvelHeroes/Info.plist;
				LD_RUNPATH_SEARCH_PATHS = (
					"$(inherited)",
					"@executable_path/Frameworks",
				);
				PRODUCT_BUNDLE_IDENTIFIER = br.com.cleberreis.MarvelHeroes;
				PRODUCT_NAME = "$(TARGET_NAME)";
				SWIFT_VERSION = 5.0;
				TARGETED_DEVICE_FAMILY = "1,2";
			};
			name = Release;
		};
/* End XCBuildConfiguration section */

/* Begin XCConfigurationList section */
		BFF89E982701D7EF00254D5D /* Build configuration list for PBXProject "MarvelHeroes" */ = {
			isa = XCConfigurationList;
			buildConfigurations = (
				BFF89EAF2701D7F100254D5D /* Debug */,
				BFF89EB02701D7F100254D5D /* Release */,
			);
			defaultConfigurationIsVisible = 0;
			defaultConfigurationName = Release;
		};
		BFF89EB12701D7F100254D5D /* Build configuration list for PBXNativeTarget "MarvelHeroes" */ = {
			isa = XCConfigurationList;
			buildConfigurations = (
				BFF89EB22701D7F100254D5D /* Debug */,
				BFF89EB32701D7F100254D5D /* Release */,
			);
			defaultConfigurationIsVisible = 0;
			defaultConfigurationName = Release;
		};
/* End XCConfigurationList section */
	};
	rootObject = BFF89E952701D7EF00254D5D /* Project object */;
}
